{"version":4,"terraform_version":"1.9.0","serial":3,"lineage":"692479f2-bc78-9246-109b-996b0c3f6ae2","outputs":{},"resources":[{"mode":"managed","type":"aws_eip","name":"nat","provider":"provider[\"registry.opentofu.org/hashicorp/aws\"]","instances":[{"schema_version":0,"attributes":{"address":null,"allocation_id":"eipalloc-0c3c73e8d2b3ce934","arn":"arn:aws:ec2:eu-central-1:188233980713:elastic-ip/eipalloc-0c3c73e8d2b3ce934","associate_with_private_ip":null,"association_id":"","carrier_ip":"","customer_owned_ip":"","customer_owned_ipv4_pool":"","domain":"vpc","id":"eipalloc-0c3c73e8d2b3ce934","instance":"","ipam_pool_id":null,"network_border_group":"eu-central-1","network_interface":"","private_dns":null,"private_ip":"","ptr_record":"","public_dns":"ec2-3-64-152-198.eu-central-1.compute.amazonaws.com","public_ip":"3.64.152.198","public_ipv4_pool":"amazon","tags":{"Name":"production-nat"},"tags_all":{"Name":"production-nat"},"timeouts":null,"vpc":true},"sensitive_attributes":[],"private":"eyJlMmJmYjczMC1lY2FhLTExZTYtOGY4OC0zNDM2M2JjN2M0YzAiOnsiZGVsZXRlIjoxODAwMDAwMDAwMDAsInJlYWQiOjkwMDAwMDAwMDAwMCwidXBkYXRlIjozMDAwMDAwMDAwMDB9fQ=="}]},{"mode":"managed","type":"aws_internet_gateway","name":"aws_igw","provider":"provider[\"registry.opentofu.org/hashicorp/aws\"]","instances":[{"schema_version":0,"attributes":{"arn":"arn:aws:ec2:eu-central-1:188233980713:internet-gateway/igw-06817aac10e0c31f4","id":"igw-06817aac10e0c31f4","owner_id":"188233980713","tags":{"Name":"production-igw"},"tags_all":{"Name":"production-igw"},"timeouts":null,"vpc_id":"vpc-0e976e586ab40c6e2"},"sensitive_attributes":[],"private":"eyJlMmJmYjczMC1lY2FhLTExZTYtOGY4OC0zNDM2M2JjN2M0YzAiOnsiY3JlYXRlIjoxMjAwMDAwMDAwMDAwLCJkZWxldGUiOjEyMDAwMDAwMDAwMDAsInVwZGF0ZSI6MTIwMDAwMDAwMDAwMH19","dependencies":["aws_vpc.main"]}]},{"mode":"managed","type":"aws_nat_gateway","name":"nat","provider":"provider[\"registry.opentofu.org/hashicorp/aws\"]","instances":[{"schema_version":0,"attributes":{"allocation_id":"eipalloc-0c3c73e8d2b3ce934","association_id":"eipassoc-003008b643682d493","connectivity_type":"public","id":"nat-0412bfb3219db6732","network_interface_id":"eni-0916aac9147ef4468","private_ip":"10.0.65.213","public_ip":"3.64.152.198","secondary_allocation_ids":null,"secondary_private_ip_address_count":0,"secondary_private_ip_addresses":[],"subnet_id":"subnet-07b9ee2917a673ccf","tags":{"Name":"production-nat"},"tags_all":{"Name":"production-nat"},"timeouts":null},"sensitive_attributes":[],"private":"eyJlMmJmYjczMC1lY2FhLTExZTYtOGY4OC0zNDM2M2JjN2M0YzAiOnsiY3JlYXRlIjo2MDAwMDAwMDAwMDAsImRlbGV0ZSI6MTgwMDAwMDAwMDAwMCwidXBkYXRlIjo2MDAwMDAwMDAwMDB9fQ==","dependencies":["aws_eip.nat","aws_internet_gateway.aws_igw","aws_subnet.public_subnet_zone1","aws_vpc.main"]}]},{"mode":"managed","type":"aws_route_table","name":"private_table","provider":"provider[\"registry.opentofu.org/hashicorp/aws\"]","instances":[{"schema_version":0,"attributes":{"arn":"arn:aws:ec2:eu-central-1:188233980713:route-table/rtb-0487bbea8025bd972","id":"rtb-0487bbea8025bd972","owner_id":"188233980713","propagating_vgws":[],"route":[{"carrier_gateway_id":"","cidr_block":"0.0.0.0/0","core_network_arn":"","destination_prefix_list_id":"","egress_only_gateway_id":"","gateway_id":"","ipv6_cidr_block":"","local_gateway_id":"","nat_gateway_id":"nat-0412bfb3219db6732","network_interface_id":"","transit_gateway_id":"","vpc_endpoint_id":"","vpc_peering_connection_id":""}],"tags":{"Name":"production-private"},"tags_all":{"Name":"production-private"},"timeouts":null,"vpc_id":"vpc-0e976e586ab40c6e2"},"sensitive_attributes":[],"private":"eyJlMmJmYjczMC1lY2FhLTExZTYtOGY4OC0zNDM2M2JjN2M0YzAiOnsiY3JlYXRlIjozMDAwMDAwMDAwMDAsImRlbGV0ZSI6MzAwMDAwMDAwMDAwLCJ1cGRhdGUiOjEyMDAwMDAwMDAwMH19","dependencies":["aws_eip.nat","aws_internet_gateway.aws_igw","aws_nat_gateway.nat","aws_subnet.public_subnet_zone1","aws_vpc.main"]}]},{"mode":"managed","type":"aws_route_table","name":"public_table","provider":"provider[\"registry.opentofu.org/hashicorp/aws\"]","instances":[{"schema_version":0,"attributes":{"arn":"arn:aws:ec2:eu-central-1:188233980713:route-table/rtb-0114bdb81d84d7fe8","id":"rtb-0114bdb81d84d7fe8","owner_id":"188233980713","propagating_vgws":[],"route":[{"carrier_gateway_id":"","cidr_block":"0.0.0.0/0","core_network_arn":"","destination_prefix_list_id":"","egress_only_gateway_id":"","gateway_id":"igw-06817aac10e0c31f4","ipv6_cidr_block":"","local_gateway_id":"","nat_gateway_id":"","network_interface_id":"","transit_gateway_id":"","vpc_endpoint_id":"","vpc_peering_connection_id":""}],"tags":{"Name":"production-public"},"tags_all":{"Name":"production-public"},"timeouts":null,"vpc_id":"vpc-0e976e586ab40c6e2"},"sensitive_attributes":[],"private":"eyJlMmJmYjczMC1lY2FhLTExZTYtOGY4OC0zNDM2M2JjN2M0YzAiOnsiY3JlYXRlIjozMDAwMDAwMDAwMDAsImRlbGV0ZSI6MzAwMDAwMDAwMDAwLCJ1cGRhdGUiOjEyMDAwMDAwMDAwMH19","dependencies":["aws_internet_gateway.aws_igw","aws_vpc.main"]}]},{"mode":"managed","type":"aws_route_table_association","name":"private_association_zone1","provider":"provider[\"registry.opentofu.org/hashicorp/aws\"]","instances":[{"schema_version":0,"attributes":{"gateway_id":"","id":"rtbassoc-0fe010d342d06e5b2","route_table_id":"rtb-0487bbea8025bd972","subnet_id":"subnet-0c4a667eb6ae05261","timeouts":null},"sensitive_attributes":[],"private":"eyJlMmJmYjczMC1lY2FhLTExZTYtOGY4OC0zNDM2M2JjN2M0YzAiOnsiY3JlYXRlIjozMDAwMDAwMDAwMDAsImRlbGV0ZSI6MzAwMDAwMDAwMDAwLCJ1cGRhdGUiOjEyMDAwMDAwMDAwMH19","dependencies":["aws_eip.nat","aws_internet_gateway.aws_igw","aws_nat_gateway.nat","aws_route_table.private_table","aws_subnet.private_subnet_zone1","aws_subnet.public_subnet_zone1","aws_vpc.main"]}]},{"mode":"managed","type":"aws_route_table_association","name":"private_association_zone2","provider":"provider[\"registry.opentofu.org/hashicorp/aws\"]","instances":[{"schema_version":0,"attributes":{"gateway_id":"","id":"rtbassoc-0455381fd2831d0d3","route_table_id":"rtb-0487bbea8025bd972","subnet_id":"subnet-0d47b6d445928fb39","timeouts":null},"sensitive_attributes":[],"private":"eyJlMmJmYjczMC1lY2FhLTExZTYtOGY4OC0zNDM2M2JjN2M0YzAiOnsiY3JlYXRlIjozMDAwMDAwMDAwMDAsImRlbGV0ZSI6MzAwMDAwMDAwMDAwLCJ1cGRhdGUiOjEyMDAwMDAwMDAwMH19","dependencies":["aws_eip.nat","aws_internet_gateway.aws_igw","aws_nat_gateway.nat","aws_route_table.private_table","aws_subnet.private_subnet_zone2","aws_subnet.public_subnet_zone1","aws_vpc.main"]}]},{"mode":"managed","type":"aws_route_table_association","name":"public_association_zone1","provider":"provider[\"registry.opentofu.org/hashicorp/aws\"]","instances":[{"schema_version":0,"attributes":{"gateway_id":"","id":"rtbassoc-05b1d05b57440f088","route_table_id":"rtb-0114bdb81d84d7fe8","subnet_id":"subnet-07b9ee2917a673ccf","timeouts":null},"sensitive_attributes":[],"private":"eyJlMmJmYjczMC1lY2FhLTExZTYtOGY4OC0zNDM2M2JjN2M0YzAiOnsiY3JlYXRlIjozMDAwMDAwMDAwMDAsImRlbGV0ZSI6MzAwMDAwMDAwMDAwLCJ1cGRhdGUiOjEyMDAwMDAwMDAwMH19","dependencies":["aws_internet_gateway.aws_igw","aws_route_table.public_table","aws_subnet.public_subnet_zone1","aws_vpc.main"]}]},{"mode":"managed","type":"aws_route_table_association","name":"public_association_zone2","provider":"provider[\"registry.opentofu.org/hashicorp/aws\"]","instances":[{"schema_version":0,"attributes":{"gateway_id":"","id":"rtbassoc-09979c7c7e572faf4","route_table_id":"rtb-0114bdb81d84d7fe8","subnet_id":"subnet-0073da5001bbf5a50","timeouts":null},"sensitive_attributes":[],"private":"eyJlMmJmYjczMC1lY2FhLTExZTYtOGY4OC0zNDM2M2JjN2M0YzAiOnsiY3JlYXRlIjozMDAwMDAwMDAwMDAsImRlbGV0ZSI6MzAwMDAwMDAwMDAwLCJ1cGRhdGUiOjEyMDAwMDAwMDAwMH19","dependencies":["aws_internet_gateway.aws_igw","aws_route_table.public_table","aws_subnet.public_subnet_zone2","aws_vpc.main"]}]},{"mode":"managed","type":"aws_subnet","name":"private_subnet_zone1","provider":"provider[\"registry.opentofu.org/hashicorp/aws\"]","instances":[{"schema_version":1,"attributes":{"arn":"arn:aws:ec2:eu-central-1:188233980713:subnet/subnet-0c4a667eb6ae05261","assign_ipv6_address_on_creation":false,"availability_zone":"eu-central-1a","availability_zone_id":"euc1-az2","cidr_block":"10.0.0.0/19","customer_owned_ipv4_pool":"","enable_dns64":false,"enable_lni_at_device_index":0,"enable_resource_name_dns_a_record_on_launch":false,"enable_resource_name_dns_aaaa_record_on_launch":false,"id":"subnet-0c4a667eb6ae05261","ipv6_cidr_block":"","ipv6_cidr_block_association_id":"","ipv6_native":false,"map_customer_owned_ip_on_launch":false,"map_public_ip_on_launch":false,"outpost_arn":"","owner_id":"188233980713","private_dns_hostname_type_on_launch":"ip-name","tags":{"Name":"production-private-eu-central-1a","kubernetes.io/cluster/production-eks_main":"owned","kubernetes.io/role/internal-elb":"1"},"tags_all":{"Name":"production-private-eu-central-1a","kubernetes.io/cluster/production-eks_main":"owned","kubernetes.io/role/internal-elb":"1"},"timeouts":null,"vpc_id":"vpc-0e976e586ab40c6e2"},"sensitive_attributes":[],"private":"eyJlMmJmYjczMC1lY2FhLTExZTYtOGY4OC0zNDM2M2JjN2M0YzAiOnsiY3JlYXRlIjo2MDAwMDAwMDAwMDAsImRlbGV0ZSI6MTIwMDAwMDAwMDAwMH0sInNjaGVtYV92ZXJzaW9uIjoiMSJ9","dependencies":["aws_vpc.main"]}]},{"mode":"managed","type":"aws_subnet","name":"private_subnet_zone2","provider":"provider[\"registry.opentofu.org/hashicorp/aws\"]","instances":[{"schema_version":1,"attributes":{"arn":"arn:aws:ec2:eu-central-1:188233980713:subnet/subnet-0d47b6d445928fb39","assign_ipv6_address_on_creation":false,"availability_zone":"eu-central-1b","availability_zone_id":"euc1-az3","cidr_block":"10.0.32.0/19","customer_owned_ipv4_pool":"","enable_dns64":false,"enable_lni_at_device_index":0,"enable_resource_name_dns_a_record_on_launch":false,"enable_resource_name_dns_aaaa_record_on_launch":false,"id":"subnet-0d47b6d445928fb39","ipv6_cidr_block":"","ipv6_cidr_block_association_id":"","ipv6_native":false,"map_customer_owned_ip_on_launch":false,"map_public_ip_on_launch":false,"outpost_arn":"","owner_id":"188233980713","private_dns_hostname_type_on_launch":"ip-name","tags":{"Name":"production-private-eu-central-1b","kubernetes.io/cluster/production-eks_main":"owned","kubernetes.io/role/internal-elb":"1"},"tags_all":{"Name":"production-private-eu-central-1b","kubernetes.io/cluster/production-eks_main":"owned","kubernetes.io/role/internal-elb":"1"},"timeouts":null,"vpc_id":"vpc-0e976e586ab40c6e2"},"sensitive_attributes":[],"private":"eyJlMmJmYjczMC1lY2FhLTExZTYtOGY4OC0zNDM2M2JjN2M0YzAiOnsiY3JlYXRlIjo2MDAwMDAwMDAwMDAsImRlbGV0ZSI6MTIwMDAwMDAwMDAwMH0sInNjaGVtYV92ZXJzaW9uIjoiMSJ9","dependencies":["aws_vpc.main"]}]},{"mode":"managed","type":"aws_subnet","name":"public_subnet_zone1","provider":"provider[\"registry.opentofu.org/hashicorp/aws\"]","instances":[{"schema_version":1,"attributes":{"arn":"arn:aws:ec2:eu-central-1:188233980713:subnet/subnet-07b9ee2917a673ccf","assign_ipv6_address_on_creation":false,"availability_zone":"eu-central-1a","availability_zone_id":"euc1-az2","cidr_block":"10.0.64.0/19","customer_owned_ipv4_pool":"","enable_dns64":false,"enable_lni_at_device_index":0,"enable_resource_name_dns_a_record_on_launch":false,"enable_resource_name_dns_aaaa_record_on_launch":false,"id":"subnet-07b9ee2917a673ccf","ipv6_cidr_block":"","ipv6_cidr_block_association_id":"","ipv6_native":false,"map_customer_owned_ip_on_launch":false,"map_public_ip_on_launch":true,"outpost_arn":"","owner_id":"188233980713","private_dns_hostname_type_on_launch":"ip-name","tags":{"Name":"production-public-eu-central-1a","kubernetes.io/cluster/productioneks_main":"owned","kubernetes.io/role/elb":"1"},"tags_all":{"Name":"production-public-eu-central-1a","kubernetes.io/cluster/productioneks_main":"owned","kubernetes.io/role/elb":"1"},"timeouts":null,"vpc_id":"vpc-0e976e586ab40c6e2"},"sensitive_attributes":[],"private":"eyJlMmJmYjczMC1lY2FhLTExZTYtOGY4OC0zNDM2M2JjN2M0YzAiOnsiY3JlYXRlIjo2MDAwMDAwMDAwMDAsImRlbGV0ZSI6MTIwMDAwMDAwMDAwMH0sInNjaGVtYV92ZXJzaW9uIjoiMSJ9","dependencies":["aws_vpc.main"]}]},{"mode":"managed","type":"aws_subnet","name":"public_subnet_zone2","provider":"provider[\"registry.opentofu.org/hashicorp/aws\"]","instances":[{"schema_version":1,"attributes":{"arn":"arn:aws:ec2:eu-central-1:188233980713:subnet/subnet-0073da5001bbf5a50","assign_ipv6_address_on_creation":false,"availability_zone":"eu-central-1b","availability_zone_id":"euc1-az3","cidr_block":"10.0.96.0/19","customer_owned_ipv4_pool":"","enable_dns64":false,"enable_lni_at_device_index":0,"enable_resource_name_dns_a_record_on_launch":false,"enable_resource_name_dns_aaaa_record_on_launch":false,"id":"subnet-0073da5001bbf5a50","ipv6_cidr_block":"","ipv6_cidr_block_association_id":"","ipv6_native":false,"map_customer_owned_ip_on_launch":false,"map_public_ip_on_launch":true,"outpost_arn":"","owner_id":"188233980713","private_dns_hostname_type_on_launch":"ip-name","tags":{"Name":"production-public-eu-central-1b","kubernetes.io/cluster/productioneks_main":"owned","kubernetes.io/role/elb":"1"},"tags_all":{"Name":"production-public-eu-central-1b","kubernetes.io/cluster/productioneks_main":"owned","kubernetes.io/role/elb":"1"},"timeouts":null,"vpc_id":"vpc-0e976e586ab40c6e2"},"sensitive_attributes":[],"private":"eyJlMmJmYjczMC1lY2FhLTExZTYtOGY4OC0zNDM2M2JjN2M0YzAiOnsiY3JlYXRlIjo2MDAwMDAwMDAwMDAsImRlbGV0ZSI6MTIwMDAwMDAwMDAwMH0sInNjaGVtYV92ZXJzaW9uIjoiMSJ9","dependencies":["aws_vpc.main"]}]},{"mode":"managed","type":"aws_vpc","name":"main","provider":"provider[\"registry.opentofu.org/hashicorp/aws\"]","instances":[{"schema_version":1,"attributes":{"arn":"arn:aws:ec2:eu-central-1:188233980713:vpc/vpc-0e976e586ab40c6e2","assign_generated_ipv6_cidr_block":false,"cidr_block":"10.0.0.0/16","default_network_acl_id":"acl-09b28f1c28af6b763","default_route_table_id":"rtb-0519018a1048f5dab","default_security_group_id":"sg-02375a829ffcdc6fa","dhcp_options_id":"dopt-02b98221faea3fb15","enable_dns_hostnames":true,"enable_dns_support":true,"enable_network_address_usage_metrics":false,"id":"vpc-0e976e586ab40c6e2","instance_tenancy":"default","ipv4_ipam_pool_id":null,"ipv4_netmask_length":null,"ipv6_association_id":"","ipv6_cidr_block":"","ipv6_cidr_block_network_border_group":"","ipv6_ipam_pool_id":"","ipv6_netmask_length":0,"main_route_table_id":"rtb-0519018a1048f5dab","owner_id":"188233980713","tags":{"Name":"production-main"},"tags_all":{"Name":"production-main"}},"sensitive_attributes":[],"private":"eyJzY2hlbWFfdmVyc2lvbiI6IjEifQ=="}]}],"check_results":null}
