{"version":4,"terraform_version":"1.9.0","serial":10,"lineage":"692479f2-bc78-9246-109b-996b0c3f6ae2","outputs":{},"resources":[{"mode":"data","type":"aws_caller_identity","name":"current","provider":"provider[\"registry.opentofu.org/hashicorp/aws\"]","instances":[{"schema_version":0,"attributes":{"account_id":"188233980713","arn":"arn:aws:iam::188233980713:user/fh-cluster-admin","id":"188233980713","user_id":"AIDASXU46TMUVMGHO2PSL"},"sensitive_attributes":[]}]},{"mode":"data","type":"aws_eks_cluster","name":"eks","provider":"provider[\"registry.opentofu.org/hashicorp/aws\"]","instances":[{"schema_version":0,"attributes":{"access_config":[{"authentication_mode":"API","bootstrap_cluster_creator_admin_permissions":true}],"arn":"arn:aws:eks:eu-central-1:188233980713:cluster/production-eks_main","certificate_authority":[{"data":"LS0tLS1CRUdJTiBDRVJUSUZJQ0FURS0tLS0tCk1JSURCRENDQWV5Z0F3SUJBZ0lIVUthOU0za2o2akFOQmdrcWhraUc5dzBCQVFzRkFEQVZNUk13RVFZRFZRUUQKRXdwcmRXSmxjbTVsZEdWek1CNFhEVEkxTURRd016RTBNemcwTWxvWERUTTFNRFF3TVRFME5ETTBNbG93RlRFVApNQkVHQTFVRUF4TUthM1ZpWlhKdVpYUmxjekNDQVNJd0RRWUpLb1pJaHZjTkFRRUJCUUFEZ2dFUEFEQ0NBUW9DCmdnRUJBTUdqTC93bWNWaDJoYUJFYmc0MVRURk1qMy9FTVU0U3ByeFJDR0wwV2NpeG9qeTA5WnpYZVUvUGJ5UlgKdHdlOUdLeEdsNlN6czNnZHZ5QnNpd1VObHAwMkpNQld4akFMR0hYZjd2YnQxclhON0RETE5yMGovV0llM0lOcQoxVGloLzF3NVd6dGwyd25icjZDZVRWZTVyS1pZTkE5S3FCbEdNZXNhQkF2OVdaVmVUbFI2NUxrVjBsYnBOVnRDCk5wU2s3azdydVRHaThRcEh5S3ZCamc0UitxSHF5b2dRQlRjUHJTbUVYVk1JQUJLWWpTMHFPRkxsMEZxcS93MDIKeTJTMHg5OTljVjJwTWNsTVNJSGNZODk3TGRXanFoWTgvZlJ3Z09jMlZpazdJZTdJdEp4RFk0V0p2STVzam8wdAplOWRpZ0xQNkFLTDZhQ1A5TWx2enVIMVpQazhDQXdFQUFhTlpNRmN3RGdZRFZSMFBBUUgvQkFRREFnS2tNQThHCkExVWRFd0VCL3dRRk1BTUJBZjh3SFFZRFZSME9CQllFRk9Jczhkd2ZGaTZ2aHNnaVBxc1JNYjZrQmNPOU1CVUcKQTFVZEVRUU9NQXlDQ210MVltVnlibVYwWlhNd0RRWUpLb1pJaHZjTkFRRUxCUUFEZ2dFQkFFNk1PckN3VjNiRAoxYXBOTzBZR01IWWludXhIOHhWbTVHOUJheW12M2Z3eHRWM2M5VHMxNXlqUklVRk8vcER2NEFyNXVCcEJ6TVpmCkFhdCtxc3Z5R0RWN0Jrd2poam1BUlBZL2Yxc09hUFp6ZllHVVVmNEZhMGtGRmk4RXNUU0c1cldScis0ZjF5dXAKSGVqbjUxV3hDWXE4T3U3SFRYNjlBOURnNjY0bkcrWEsrdDVUblhuSWYrMWtLZ1BJdkhRV1ZuaDZZSmVxNkxHZQp1OGRNeXZuRDBmOVF1UFgyOGRBdU1kc3RnZFNPWmlUeFRROUpnY3ZXakFwRG9YQzZ2c3NsU1M4SG9XSloxZ0x1CkpBa3BhVkZIaWRCR3pVNWxKbjMycWhyUTZOSVpkZThveG9aczgvdGtWOHdnb2N6SHRGUVdCc0MxZmlrQ29qSHQKRmZlYmxveW5JM0U9Ci0tLS0tRU5EIENFUlRJRklDQVRFLS0tLS0K"}],"cluster_id":null,"compute_config":[],"created_at":"2025-04-03T14:39:05Z","enabled_cluster_log_types":[],"endpoint":"https://77CFC8ECD2064211197CBFE2F4BE9257.gr7.eu-central-1.eks.amazonaws.com","id":"production-eks_main","identity":[{"oidc":[{"issuer":"https://oidc.eks.eu-central-1.amazonaws.com/id/77CFC8ECD2064211197CBFE2F4BE9257"}]}],"kubernetes_network_config":[{"elastic_load_balancing":[{"enabled":false}],"ip_family":"ipv4","service_ipv4_cidr":"172.20.0.0/16","service_ipv6_cidr":""}],"name":"production-eks_main","outpost_config":[],"platform_version":"eks.30","remote_network_config":[],"role_arn":"arn:aws:iam::188233980713:role/production-eks_main-eks-cluster","status":"ACTIVE","storage_config":[],"tags":{},"upgrade_policy":[{"support_type":"EXTENDED"}],"version":"1.30","vpc_config":[{"cluster_security_group_id":"sg-01e429029605e556b","endpoint_private_access":false,"endpoint_public_access":true,"public_access_cidrs":["0.0.0.0/0"],"security_group_ids":[],"subnet_ids":["subnet-0c4a667eb6ae05261","subnet-0d47b6d445928fb39"],"vpc_id":"vpc-0e976e586ab40c6e2"}],"zonal_shift_config":[]},"sensitive_attributes":[]}]},{"mode":"data","type":"aws_eks_cluster_auth","name":"eks","provider":"provider[\"registry.opentofu.org/hashicorp/aws\"]","instances":[{"schema_version":0,"attributes":{"id":"production-eks_main","name":"production-eks_main","token":"k8s-aws-v1.aHR0cHM6Ly9zdHMuZXUtY2VudHJhbC0xLmFtYXpvbmF3cy5jb20vP0FjdGlvbj1HZXRDYWxsZXJJZGVudGl0eSZWZXJzaW9uPTIwMTEtMDYtMTUmWC1BbXotQWxnb3JpdGhtPUFXUzQtSE1BQy1TSEEyNTYmWC1BbXotQ3JlZGVudGlhbD1BS0lBU1hVNDZUTVUyV0dWMlNCTCUyRjIwMjUwNDAzJTJGZXUtY2VudHJhbC0xJTJGc3RzJTJGYXdzNF9yZXF1ZXN0JlgtQW16LURhdGU9MjAyNTA0MDNUMTczNDIzWiZYLUFtei1FeHBpcmVzPTAmWC1BbXotU2lnbmVkSGVhZGVycz1ob3N0JTNCeC1rOHMtYXdzLWlkJlgtQW16LVNpZ25hdHVyZT1iZmUwODRjMTI0MGZhMzBjNWEwMzRhYzdjZmQ5ODc1MWNhMzgxNzRiMTRiYTU4ZWJkOWI5YTI2ZjY1MTk1NmEz"},"sensitive_attributes":[]}]},{"mode":"managed","type":"aws_eip","name":"nat","provider":"provider[\"registry.opentofu.org/hashicorp/aws\"]","instances":[{"schema_version":0,"attributes":{"address":null,"allocation_id":"eipalloc-0c3c73e8d2b3ce934","arn":"arn:aws:ec2:eu-central-1:188233980713:elastic-ip/eipalloc-0c3c73e8d2b3ce934","associate_with_private_ip":null,"association_id":"eipassoc-003008b643682d493","carrier_ip":"","customer_owned_ip":"","customer_owned_ipv4_pool":"","domain":"vpc","id":"eipalloc-0c3c73e8d2b3ce934","instance":"","ipam_pool_id":null,"network_border_group":"eu-central-1","network_interface":"eni-0916aac9147ef4468","private_dns":"ip-10-0-65-213.eu-central-1.compute.internal","private_ip":"10.0.65.213","ptr_record":"","public_dns":"ec2-3-64-152-198.eu-central-1.compute.amazonaws.com","public_ip":"3.64.152.198","public_ipv4_pool":"amazon","tags":{"Name":"production-nat"},"tags_all":{"Name":"production-nat"},"timeouts":null,"vpc":true},"sensitive_attributes":[],"private":"eyJlMmJmYjczMC1lY2FhLTExZTYtOGY4OC0zNDM2M2JjN2M0YzAiOnsiZGVsZXRlIjoxODAwMDAwMDAwMDAsInJlYWQiOjkwMDAwMDAwMDAwMCwidXBkYXRlIjozMDAwMDAwMDAwMDB9fQ=="}]},{"mode":"managed","type":"aws_eks_access_entry","name":"dev","provider":"provider[\"registry.opentofu.org/hashicorp/aws\"]","instances":[{"schema_version":0,"attributes":{"access_entry_arn":"arn:aws:eks:eu-central-1:188233980713:access-entry/production-eks_main/user/188233980713/developer/8ccafe30-f71f-964f-4212-5272cad0cd72","cluster_name":"production-eks_main","created_at":"2025-04-03T16:00:31Z","id":"production-eks_main:arn:aws:iam::188233980713:user/developer","kubernetes_groups":["my-viewer"],"modified_at":"2025-04-03T16:00:31Z","principal_arn":"arn:aws:iam::188233980713:user/developer","tags":{},"tags_all":{},"timeouts":null,"type":"STANDARD","user_name":"arn:aws:iam::188233980713:user/developer"},"sensitive_attributes":[],"private":"eyJlMmJmYjczMC1lY2FhLTExZTYtOGY4OC0zNDM2M2JjN2M0YzAiOnsiY3JlYXRlIjo2MDAwMDAwMDAwMDAsImRlbGV0ZSI6NjAwMDAwMDAwMDAwfX0=","dependencies":["aws_eks_cluster.eks","aws_iam_role.eks_cluster_role","aws_iam_role_policy_attachment.eks","aws_iam_user.dev","aws_subnet.private_subnet_zone1","aws_subnet.private_subnet_zone2","aws_vpc.main"]}]},{"mode":"managed","type":"aws_eks_access_entry","name":"manager","provider":"provider[\"registry.opentofu.org/hashicorp/aws\"]","instances":[{"schema_version":0,"attributes":{"access_entry_arn":"arn:aws:eks:eu-central-1:188233980713:access-entry/production-eks_main/role/188233980713/production-eks_main-eks-admin/46cafe3f-81f3-b0cb-3e49-0baec4fdb7b7","cluster_name":"production-eks_main","created_at":"2025-04-03T16:32:17Z","id":"production-eks_main:arn:aws:iam::188233980713:role/production-eks_main-eks-admin","kubernetes_groups":["my-admin"],"modified_at":"2025-04-03T16:32:17Z","principal_arn":"arn:aws:iam::188233980713:role/production-eks_main-eks-admin","tags":{},"tags_all":{},"timeouts":null,"type":"STANDARD","user_name":"arn:aws:sts::188233980713:assumed-role/production-eks_main-eks-admin/{{SessionName}}"},"sensitive_attributes":[],"private":"eyJlMmJmYjczMC1lY2FhLTExZTYtOGY4OC0zNDM2M2JjN2M0YzAiOnsiY3JlYXRlIjo2MDAwMDAwMDAwMDAsImRlbGV0ZSI6NjAwMDAwMDAwMDAwfX0=","dependencies":["aws_eks_cluster.eks","aws_iam_role.eks_admin","aws_iam_role.eks_cluster_role","aws_iam_role_policy_attachment.eks","aws_subnet.private_subnet_zone1","aws_subnet.private_subnet_zone2","aws_vpc.main","data.aws_caller_identity.current"]}]},{"mode":"managed","type":"aws_eks_cluster","name":"eks","provider":"provider[\"registry.opentofu.org/hashicorp/aws\"]","instances":[{"schema_version":1,"attributes":{"access_config":[{"authentication_mode":"API","bootstrap_cluster_creator_admin_permissions":true}],"arn":"arn:aws:eks:eu-central-1:188233980713:cluster/production-eks_main","bootstrap_self_managed_addons":true,"certificate_authority":[{"data":"LS0tLS1CRUdJTiBDRVJUSUZJQ0FURS0tLS0tCk1JSURCRENDQWV5Z0F3SUJBZ0lIVUthOU0za2o2akFOQmdrcWhraUc5dzBCQVFzRkFEQVZNUk13RVFZRFZRUUQKRXdwcmRXSmxjbTVsZEdWek1CNFhEVEkxTURRd016RTBNemcwTWxvWERUTTFNRFF3TVRFME5ETTBNbG93RlRFVApNQkVHQTFVRUF4TUthM1ZpWlhKdVpYUmxjekNDQVNJd0RRWUpLb1pJaHZjTkFRRUJCUUFEZ2dFUEFEQ0NBUW9DCmdnRUJBTUdqTC93bWNWaDJoYUJFYmc0MVRURk1qMy9FTVU0U3ByeFJDR0wwV2NpeG9qeTA5WnpYZVUvUGJ5UlgKdHdlOUdLeEdsNlN6czNnZHZ5QnNpd1VObHAwMkpNQld4akFMR0hYZjd2YnQxclhON0RETE5yMGovV0llM0lOcQoxVGloLzF3NVd6dGwyd25icjZDZVRWZTVyS1pZTkE5S3FCbEdNZXNhQkF2OVdaVmVUbFI2NUxrVjBsYnBOVnRDCk5wU2s3azdydVRHaThRcEh5S3ZCamc0UitxSHF5b2dRQlRjUHJTbUVYVk1JQUJLWWpTMHFPRkxsMEZxcS93MDIKeTJTMHg5OTljVjJwTWNsTVNJSGNZODk3TGRXanFoWTgvZlJ3Z09jMlZpazdJZTdJdEp4RFk0V0p2STVzam8wdAplOWRpZ0xQNkFLTDZhQ1A5TWx2enVIMVpQazhDQXdFQUFhTlpNRmN3RGdZRFZSMFBBUUgvQkFRREFnS2tNQThHCkExVWRFd0VCL3dRRk1BTUJBZjh3SFFZRFZSME9CQllFRk9Jczhkd2ZGaTZ2aHNnaVBxc1JNYjZrQmNPOU1CVUcKQTFVZEVRUU9NQXlDQ210MVltVnlibVYwWlhNd0RRWUpLb1pJaHZjTkFRRUxCUUFEZ2dFQkFFNk1PckN3VjNiRAoxYXBOTzBZR01IWWludXhIOHhWbTVHOUJheW12M2Z3eHRWM2M5VHMxNXlqUklVRk8vcER2NEFyNXVCcEJ6TVpmCkFhdCtxc3Z5R0RWN0Jrd2poam1BUlBZL2Yxc09hUFp6ZllHVVVmNEZhMGtGRmk4RXNUU0c1cldScis0ZjF5dXAKSGVqbjUxV3hDWXE4T3U3SFRYNjlBOURnNjY0bkcrWEsrdDVUblhuSWYrMWtLZ1BJdkhRV1ZuaDZZSmVxNkxHZQp1OGRNeXZuRDBmOVF1UFgyOGRBdU1kc3RnZFNPWmlUeFRROUpnY3ZXakFwRG9YQzZ2c3NsU1M4SG9XSloxZ0x1CkpBa3BhVkZIaWRCR3pVNWxKbjMycWhyUTZOSVpkZThveG9aczgvdGtWOHdnb2N6SHRGUVdCc0MxZmlrQ29qSHQKRmZlYmxveW5JM0U9Ci0tLS0tRU5EIENFUlRJRklDQVRFLS0tLS0K"}],"cluster_id":null,"compute_config":[],"created_at":"2025-04-03T14:39:05Z","enabled_cluster_log_types":[],"encryption_config":[],"endpoint":"https://77CFC8ECD2064211197CBFE2F4BE9257.gr7.eu-central-1.eks.amazonaws.com","id":"production-eks_main","identity":[{"oidc":[{"issuer":"https://oidc.eks.eu-central-1.amazonaws.com/id/77CFC8ECD2064211197CBFE2F4BE9257"}]}],"kubernetes_network_config":[{"elastic_load_balancing":[{"enabled":false}],"ip_family":"ipv4","service_ipv4_cidr":"172.20.0.0/16","service_ipv6_cidr":""}],"name":"production-eks_main","outpost_config":[],"platform_version":"eks.30","remote_network_config":[],"role_arn":"arn:aws:iam::188233980713:role/production-eks_main-eks-cluster","status":"ACTIVE","storage_config":[],"tags":{},"tags_all":{},"timeouts":null,"upgrade_policy":[{"support_type":"EXTENDED"}],"version":"1.30","vpc_config":[{"cluster_security_group_id":"sg-01e429029605e556b","endpoint_private_access":false,"endpoint_public_access":true,"public_access_cidrs":["0.0.0.0/0"],"security_group_ids":[],"subnet_ids":["subnet-0c4a667eb6ae05261","subnet-0d47b6d445928fb39"],"vpc_id":"vpc-0e976e586ab40c6e2"}],"zonal_shift_config":[]},"sensitive_attributes":[],"private":"eyJlMmJmYjczMC1lY2FhLTExZTYtOGY4OC0zNDM2M2JjN2M0YzAiOnsiY3JlYXRlIjoxODAwMDAwMDAwMDAwLCJkZWxldGUiOjkwMDAwMDAwMDAwMCwidXBkYXRlIjozNjAwMDAwMDAwMDAwfSwic2NoZW1hX3ZlcnNpb24iOiIxIn0=","dependencies":["aws_iam_role.eks_cluster_role","aws_iam_role_policy_attachment.eks","aws_subnet.private_subnet_zone1","aws_subnet.private_subnet_zone2","aws_vpc.main"]}]},{"mode":"managed","type":"aws_eks_node_group","name":"general","provider":"provider[\"registry.opentofu.org/hashicorp/aws\"]","instances":[{"schema_version":0,"attributes":{"ami_type":"AL2023_x86_64_STANDARD","arn":"arn:aws:eks:eu-central-1:188233980713:nodegroup/production-eks_main/general/62cafe0e-9ca8-a121-610e-0981ac2f6f59","capacity_type":"ON_DEMAND","cluster_name":"production-eks_main","disk_size":20,"force_update_version":null,"id":"production-eks_main:general","instance_types":["t3.large"],"labels":{"role":"general"},"launch_template":[],"node_group_name":"general","node_group_name_prefix":"","node_repair_config":[],"node_role_arn":"arn:aws:iam::188233980713:role/production-eks_main-eks-nodes","release_version":"1.30.9-20250317","remote_access":[],"resources":[{"autoscaling_groups":[{"name":"eks-general-62cafe0e-9ca8-a121-610e-0981ac2f6f59"}],"remote_access_security_group_id":""}],"scaling_config":[{"desired_size":1,"max_size":10,"min_size":0}],"status":"ACTIVE","subnet_ids":["subnet-0c4a667eb6ae05261","subnet-0d47b6d445928fb39"],"tags":{},"tags_all":{},"taint":[],"timeouts":null,"update_config":[{"max_unavailable":1,"max_unavailable_percentage":0}],"version":"1.30"},"sensitive_attributes":[],"private":"eyJlMmJmYjczMC1lY2FhLTExZTYtOGY4OC0zNDM2M2JjN2M0YzAiOnsiY3JlYXRlIjozNjAwMDAwMDAwMDAwLCJkZWxldGUiOjM2MDAwMDAwMDAwMDAsInVwZGF0ZSI6MzYwMDAwMDAwMDAwMH19","dependencies":["aws_eks_cluster.eks","aws_iam_role.eks_cluster_role","aws_iam_role.eks_node_role","aws_iam_role_policy_attachment.eks","aws_iam_role_policy_attachment.eks_node_role","aws_subnet.private_subnet_zone1","aws_subnet.private_subnet_zone2","aws_vpc.main"]}]},{"mode":"managed","type":"aws_iam_policy","name":"dev_eks","provider":"provider[\"registry.opentofu.org/hashicorp/aws\"]","instances":[{"schema_version":0,"attributes":{"arn":"arn:aws:iam::188233980713:policy/AmazonEKSDeveloperPolicy","attachment_count":1,"description":"","id":"arn:aws:iam::188233980713:policy/AmazonEKSDeveloperPolicy","name":"AmazonEKSDeveloperPolicy","name_prefix":"","path":"/","policy":"{\"Statement\":[{\"Action\":[\"eks:DescribeCluster\",\"eks:ListClusters\"],\"Effect\":\"Allow\",\"Resource\":\"*\"}],\"Version\":\"2012-10-17\"}","policy_id":"ANPASXU46TMUUEKY4NQKU","tags":{},"tags_all":{}},"sensitive_attributes":[],"private":"bnVsbA=="}]},{"mode":"managed","type":"aws_iam_policy","name":"eks_admin","provider":"provider[\"registry.opentofu.org/hashicorp/aws\"]","instances":[{"schema_version":0,"attributes":{"arn":"arn:aws:iam::188233980713:policy/AmazonEKSAdminPolicy","attachment_count":1,"description":"","id":"arn:aws:iam::188233980713:policy/AmazonEKSAdminPolicy","name":"AmazonEKSAdminPolicy","name_prefix":"","path":"/","policy":"{\"Statement\":[{\"Action\":[\"eks:*\"],\"Effect\":\"Allow\",\"Resource\":\"*\"},{\"Action\":\"iam:PassRole\",\"Condition\":{\"StringEquals\":{\"iam:PassedToService\":\"eks.amazonaws.com\"}},\"Effect\":\"Allow\",\"Resource\":\"*\"}],\"Version\":\"2012-10-17\"}","policy_id":"ANPASXU46TMUTLGJCKDAS","tags":{},"tags_all":{}},"sensitive_attributes":[],"private":"bnVsbA=="}]},{"mode":"managed","type":"aws_iam_policy","name":"eks_assume_admin","provider":"provider[\"registry.opentofu.org/hashicorp/aws\"]","instances":[{"schema_version":0,"attributes":{"arn":"arn:aws:iam::188233980713:policy/AmazonEKSAssumeAdminPolicy","attachment_count":1,"description":"","id":"arn:aws:iam::188233980713:policy/AmazonEKSAssumeAdminPolicy","name":"AmazonEKSAssumeAdminPolicy","name_prefix":"","path":"/","policy":"{\"Statement\":[{\"Action\":[\"sts:AssumeRole\"],\"Effect\":\"Allow\",\"Resource\":\"arn:aws:iam::188233980713:role/production-eks_main-eks-admin\"}],\"Version\":\"2012-10-17\"}","policy_id":"ANPASXU46TMUY7YPAMFJ6","tags":{},"tags_all":{}},"sensitive_attributes":[],"private":"bnVsbA==","dependencies":["aws_iam_role.eks_admin","data.aws_caller_identity.current"]}]},{"mode":"managed","type":"aws_iam_role","name":"eks_admin","provider":"provider[\"registry.opentofu.org/hashicorp/aws\"]","instances":[{"schema_version":0,"attributes":{"arn":"arn:aws:iam::188233980713:role/production-eks_main-eks-admin","assume_role_policy":"{\"Statement\":[{\"Action\":\"sts:AssumeRole\",\"Effect\":\"Allow\",\"Principal\":{\"AWS\":\"arn:aws:iam::188233980713:root\"}}],\"Version\":\"2012-10-17\"}","create_date":"2025-04-03T16:32:07Z","description":"","force_detach_policies":false,"id":"production-eks_main-eks-admin","inline_policy":[],"managed_policy_arns":["arn:aws:iam::188233980713:policy/AmazonEKSAdminPolicy"],"max_session_duration":3600,"name":"production-eks_main-eks-admin","name_prefix":"","path":"/","permissions_boundary":"","tags":{},"tags_all":{},"unique_id":"AROASXU46TMU2SEX5KRI3"},"sensitive_attributes":[],"private":"bnVsbA==","dependencies":["data.aws_caller_identity.current"]}]},{"mode":"managed","type":"aws_iam_role","name":"eks_cluster_role","provider":"provider[\"registry.opentofu.org/hashicorp/aws\"]","instances":[{"schema_version":0,"attributes":{"arn":"arn:aws:iam::188233980713:role/production-eks_main-eks-cluster","assume_role_policy":"{\"Statement\":[{\"Action\":\"sts:AssumeRole\",\"Effect\":\"Allow\",\"Principal\":{\"Service\":\"eks.amazonaws.com\"}}],\"Version\":\"2012-10-17\"}","create_date":"2025-04-03T14:39:00Z","description":"","force_detach_policies":false,"id":"production-eks_main-eks-cluster","inline_policy":[],"managed_policy_arns":["arn:aws:iam::aws:policy/AmazonEKSClusterPolicy"],"max_session_duration":3600,"name":"production-eks_main-eks-cluster","name_prefix":"","path":"/","permissions_boundary":"","tags":{},"tags_all":{},"unique_id":"AROASXU46TMU5A6E2GORD"},"sensitive_attributes":[],"private":"bnVsbA=="}]},{"mode":"managed","type":"aws_iam_role","name":"eks_node_role","provider":"provider[\"registry.opentofu.org/hashicorp/aws\"]","instances":[{"schema_version":0,"attributes":{"arn":"arn:aws:iam::188233980713:role/production-eks_main-eks-nodes","assume_role_policy":"{\"Statement\":[{\"Action\":\"sts:AssumeRole\",\"Effect\":\"Allow\",\"Principal\":{\"Service\":\"ec2.amazonaws.com\"}}],\"Version\":\"2012-10-17\"}","create_date":"2025-04-03T14:39:00Z","description":"","force_detach_policies":false,"id":"production-eks_main-eks-nodes","inline_policy":[],"managed_policy_arns":["arn:aws:iam::aws:policy/AmazonEC2ContainerRegistryReadOnly","arn:aws:iam::aws:policy/AmazonEKSWorkerNodePolicy","arn:aws:iam::aws:policy/AmazonEKS_CNI_Policy"],"max_session_duration":3600,"name":"production-eks_main-eks-nodes","name_prefix":"","path":"/","permissions_boundary":"","tags":{},"tags_all":{},"unique_id":"AROASXU46TMU5JFG2MBB6"},"sensitive_attributes":[],"private":"bnVsbA=="}]},{"mode":"managed","type":"aws_iam_role_policy_attachment","name":"eks","provider":"provider[\"registry.opentofu.org/hashicorp/aws\"]","instances":[{"schema_version":0,"attributes":{"id":"production-eks_main-eks-cluster-20250403143901512100000002","policy_arn":"arn:aws:iam::aws:policy/AmazonEKSClusterPolicy","role":"production-eks_main-eks-cluster"},"sensitive_attributes":[],"private":"bnVsbA==","dependencies":["aws_iam_role.eks_cluster_role"]}]},{"mode":"managed","type":"aws_iam_role_policy_attachment","name":"eks_admin","provider":"provider[\"registry.opentofu.org/hashicorp/aws\"]","instances":[{"schema_version":0,"attributes":{"id":"production-eks_main-eks-admin-20250403163208906400000001","policy_arn":"arn:aws:iam::188233980713:policy/AmazonEKSAdminPolicy","role":"production-eks_main-eks-admin"},"sensitive_attributes":[],"private":"bnVsbA==","dependencies":["aws_iam_policy.eks_admin","aws_iam_role.eks_admin","data.aws_caller_identity.current"]}]},{"mode":"managed","type":"aws_iam_role_policy_attachment","name":"eks_node_role","provider":"provider[\"registry.opentofu.org/hashicorp/aws\"]","instances":[{"index_key":"AmazonEC2ContainerRegistryReadOnly","schema_version":0,"attributes":{"id":"production-eks_main-eks-nodes-20250403143901714700000004","policy_arn":"arn:aws:iam::aws:policy/AmazonEC2ContainerRegistryReadOnly","role":"production-eks_main-eks-nodes"},"sensitive_attributes":[],"private":"bnVsbA==","dependencies":["aws_iam_role.eks_node_role"]},{"index_key":"AmazonEKSWorkerNodePolicy","schema_version":0,"attributes":{"id":"production-eks_main-eks-nodes-20250403143901714200000003","policy_arn":"arn:aws:iam::aws:policy/AmazonEKSWorkerNodePolicy","role":"production-eks_main-eks-nodes"},"sensitive_attributes":[],"private":"bnVsbA==","dependencies":["aws_iam_role.eks_node_role"]},{"index_key":"AmazonEKS_CNI_Policy","schema_version":0,"attributes":{"id":"production-eks_main-eks-nodes-20250403143901503200000001","policy_arn":"arn:aws:iam::aws:policy/AmazonEKS_CNI_Policy","role":"production-eks_main-eks-nodes"},"sensitive_attributes":[],"private":"bnVsbA==","dependencies":["aws_iam_role.eks_node_role"]}]},{"mode":"managed","type":"aws_iam_user","name":"dev","provider":"provider[\"registry.opentofu.org/hashicorp/aws\"]","instances":[{"schema_version":0,"attributes":{"arn":"arn:aws:iam::188233980713:user/developer","force_destroy":false,"id":"developer","name":"developer","path":"/","permissions_boundary":"","tags":{},"tags_all":{},"unique_id":"AIDASXU46TMU4JDUH7A2N"},"sensitive_attributes":[],"private":"bnVsbA=="}]},{"mode":"managed","type":"aws_iam_user","name":"manager","provider":"provider[\"registry.opentofu.org/hashicorp/aws\"]","instances":[{"schema_version":0,"attributes":{"arn":"arn:aws:iam::188233980713:user/manager","force_destroy":false,"id":"manager","name":"manager","path":"/","permissions_boundary":"","tags":{},"tags_all":{},"unique_id":"AIDASXU46TMU6ICGARQCW"},"sensitive_attributes":[],"private":"bnVsbA=="}]},{"mode":"managed","type":"aws_iam_user_policy_attachment","name":"developer_eks","provider":"provider[\"registry.opentofu.org/hashicorp/aws\"]","instances":[{"schema_version":0,"attributes":{"id":"developer-20250403160022617100000001","policy_arn":"arn:aws:iam::188233980713:policy/AmazonEKSDeveloperPolicy","user":"developer"},"sensitive_attributes":[],"private":"bnVsbA==","dependencies":["aws_iam_policy.dev_eks","aws_iam_user.dev"]}]},{"mode":"managed","type":"aws_iam_user_policy_attachment","name":"manager","provider":"provider[\"registry.opentofu.org/hashicorp/aws\"]","instances":[{"schema_version":0,"attributes":{"id":"manager-20250403163209297000000002","policy_arn":"arn:aws:iam::188233980713:policy/AmazonEKSAssumeAdminPolicy","user":"manager"},"sensitive_attributes":[],"private":"bnVsbA==","dependencies":["aws_iam_policy.eks_assume_admin","aws_iam_role.eks_admin","aws_iam_user.manager","data.aws_caller_identity.current"]}]},{"mode":"managed","type":"aws_internet_gateway","name":"aws_igw","provider":"provider[\"registry.opentofu.org/hashicorp/aws\"]","instances":[{"schema_version":0,"attributes":{"arn":"arn:aws:ec2:eu-central-1:188233980713:internet-gateway/igw-06817aac10e0c31f4","id":"igw-06817aac10e0c31f4","owner_id":"188233980713","tags":{"Name":"production-igw"},"tags_all":{"Name":"production-igw"},"timeouts":null,"vpc_id":"vpc-0e976e586ab40c6e2"},"sensitive_attributes":[],"private":"eyJlMmJmYjczMC1lY2FhLTExZTYtOGY4OC0zNDM2M2JjN2M0YzAiOnsiY3JlYXRlIjoxMjAwMDAwMDAwMDAwLCJkZWxldGUiOjEyMDAwMDAwMDAwMDAsInVwZGF0ZSI6MTIwMDAwMDAwMDAwMH19","dependencies":["aws_vpc.main"]}]},{"mode":"managed","type":"aws_nat_gateway","name":"nat","provider":"provider[\"registry.opentofu.org/hashicorp/aws\"]","instances":[{"schema_version":0,"attributes":{"allocation_id":"eipalloc-0c3c73e8d2b3ce934","association_id":"eipassoc-003008b643682d493","connectivity_type":"public","id":"nat-0412bfb3219db6732","network_interface_id":"eni-0916aac9147ef4468","private_ip":"10.0.65.213","public_ip":"3.64.152.198","secondary_allocation_ids":[],"secondary_private_ip_address_count":0,"secondary_private_ip_addresses":[],"subnet_id":"subnet-07b9ee2917a673ccf","tags":{"Name":"production-nat"},"tags_all":{"Name":"production-nat"},"timeouts":null},"sensitive_attributes":[],"private":"eyJlMmJmYjczMC1lY2FhLTExZTYtOGY4OC0zNDM2M2JjN2M0YzAiOnsiY3JlYXRlIjo2MDAwMDAwMDAwMDAsImRlbGV0ZSI6MTgwMDAwMDAwMDAwMCwidXBkYXRlIjo2MDAwMDAwMDAwMDB9fQ==","dependencies":["aws_eip.nat","aws_internet_gateway.aws_igw","aws_subnet.public_subnet_zone1","aws_vpc.main"]}]},{"mode":"managed","type":"aws_route_table","name":"private_table","provider":"provider[\"registry.opentofu.org/hashicorp/aws\"]","instances":[{"schema_version":0,"attributes":{"arn":"arn:aws:ec2:eu-central-1:188233980713:route-table/rtb-0487bbea8025bd972","id":"rtb-0487bbea8025bd972","owner_id":"188233980713","propagating_vgws":[],"route":[{"carrier_gateway_id":"","cidr_block":"0.0.0.0/0","core_network_arn":"","destination_prefix_list_id":"","egress_only_gateway_id":"","gateway_id":"","ipv6_cidr_block":"","local_gateway_id":"","nat_gateway_id":"nat-0412bfb3219db6732","network_interface_id":"","transit_gateway_id":"","vpc_endpoint_id":"","vpc_peering_connection_id":""}],"tags":{"Name":"production-private"},"tags_all":{"Name":"production-private"},"timeouts":null,"vpc_id":"vpc-0e976e586ab40c6e2"},"sensitive_attributes":[],"private":"eyJlMmJmYjczMC1lY2FhLTExZTYtOGY4OC0zNDM2M2JjN2M0YzAiOnsiY3JlYXRlIjozMDAwMDAwMDAwMDAsImRlbGV0ZSI6MzAwMDAwMDAwMDAwLCJ1cGRhdGUiOjEyMDAwMDAwMDAwMH19","dependencies":["aws_eip.nat","aws_internet_gateway.aws_igw","aws_nat_gateway.nat","aws_subnet.public_subnet_zone1","aws_vpc.main"]}]},{"mode":"managed","type":"aws_route_table","name":"public_table","provider":"provider[\"registry.opentofu.org/hashicorp/aws\"]","instances":[{"schema_version":0,"attributes":{"arn":"arn:aws:ec2:eu-central-1:188233980713:route-table/rtb-0114bdb81d84d7fe8","id":"rtb-0114bdb81d84d7fe8","owner_id":"188233980713","propagating_vgws":[],"route":[{"carrier_gateway_id":"","cidr_block":"0.0.0.0/0","core_network_arn":"","destination_prefix_list_id":"","egress_only_gateway_id":"","gateway_id":"igw-06817aac10e0c31f4","ipv6_cidr_block":"","local_gateway_id":"","nat_gateway_id":"","network_interface_id":"","transit_gateway_id":"","vpc_endpoint_id":"","vpc_peering_connection_id":""}],"tags":{"Name":"production-public"},"tags_all":{"Name":"production-public"},"timeouts":null,"vpc_id":"vpc-0e976e586ab40c6e2"},"sensitive_attributes":[],"private":"eyJlMmJmYjczMC1lY2FhLTExZTYtOGY4OC0zNDM2M2JjN2M0YzAiOnsiY3JlYXRlIjozMDAwMDAwMDAwMDAsImRlbGV0ZSI6MzAwMDAwMDAwMDAwLCJ1cGRhdGUiOjEyMDAwMDAwMDAwMH19","dependencies":["aws_internet_gateway.aws_igw","aws_vpc.main"]}]},{"mode":"managed","type":"aws_route_table_association","name":"private_association_zone1","provider":"provider[\"registry.opentofu.org/hashicorp/aws\"]","instances":[{"schema_version":0,"attributes":{"gateway_id":"","id":"rtbassoc-0fe010d342d06e5b2","route_table_id":"rtb-0487bbea8025bd972","subnet_id":"subnet-0c4a667eb6ae05261","timeouts":null},"sensitive_attributes":[],"private":"eyJlMmJmYjczMC1lY2FhLTExZTYtOGY4OC0zNDM2M2JjN2M0YzAiOnsiY3JlYXRlIjozMDAwMDAwMDAwMDAsImRlbGV0ZSI6MzAwMDAwMDAwMDAwLCJ1cGRhdGUiOjEyMDAwMDAwMDAwMH19","dependencies":["aws_eip.nat","aws_internet_gateway.aws_igw","aws_nat_gateway.nat","aws_route_table.private_table","aws_subnet.private_subnet_zone1","aws_subnet.public_subnet_zone1","aws_vpc.main"]}]},{"mode":"managed","type":"aws_route_table_association","name":"private_association_zone2","provider":"provider[\"registry.opentofu.org/hashicorp/aws\"]","instances":[{"schema_version":0,"attributes":{"gateway_id":"","id":"rtbassoc-0455381fd2831d0d3","route_table_id":"rtb-0487bbea8025bd972","subnet_id":"subnet-0d47b6d445928fb39","timeouts":null},"sensitive_attributes":[],"private":"eyJlMmJmYjczMC1lY2FhLTExZTYtOGY4OC0zNDM2M2JjN2M0YzAiOnsiY3JlYXRlIjozMDAwMDAwMDAwMDAsImRlbGV0ZSI6MzAwMDAwMDAwMDAwLCJ1cGRhdGUiOjEyMDAwMDAwMDAwMH19","dependencies":["aws_eip.nat","aws_internet_gateway.aws_igw","aws_nat_gateway.nat","aws_route_table.private_table","aws_subnet.private_subnet_zone2","aws_subnet.public_subnet_zone1","aws_vpc.main"]}]},{"mode":"managed","type":"aws_route_table_association","name":"public_association_zone1","provider":"provider[\"registry.opentofu.org/hashicorp/aws\"]","instances":[{"schema_version":0,"attributes":{"gateway_id":"","id":"rtbassoc-05b1d05b57440f088","route_table_id":"rtb-0114bdb81d84d7fe8","subnet_id":"subnet-07b9ee2917a673ccf","timeouts":null},"sensitive_attributes":[],"private":"eyJlMmJmYjczMC1lY2FhLTExZTYtOGY4OC0zNDM2M2JjN2M0YzAiOnsiY3JlYXRlIjozMDAwMDAwMDAwMDAsImRlbGV0ZSI6MzAwMDAwMDAwMDAwLCJ1cGRhdGUiOjEyMDAwMDAwMDAwMH19","dependencies":["aws_internet_gateway.aws_igw","aws_route_table.public_table","aws_subnet.public_subnet_zone1","aws_vpc.main"]}]},{"mode":"managed","type":"aws_route_table_association","name":"public_association_zone2","provider":"provider[\"registry.opentofu.org/hashicorp/aws\"]","instances":[{"schema_version":0,"attributes":{"gateway_id":"","id":"rtbassoc-09979c7c7e572faf4","route_table_id":"rtb-0114bdb81d84d7fe8","subnet_id":"subnet-0073da5001bbf5a50","timeouts":null},"sensitive_attributes":[],"private":"eyJlMmJmYjczMC1lY2FhLTExZTYtOGY4OC0zNDM2M2JjN2M0YzAiOnsiY3JlYXRlIjozMDAwMDAwMDAwMDAsImRlbGV0ZSI6MzAwMDAwMDAwMDAwLCJ1cGRhdGUiOjEyMDAwMDAwMDAwMH19","dependencies":["aws_internet_gateway.aws_igw","aws_route_table.public_table","aws_subnet.public_subnet_zone2","aws_vpc.main"]}]},{"mode":"managed","type":"aws_subnet","name":"private_subnet_zone1","provider":"provider[\"registry.opentofu.org/hashicorp/aws\"]","instances":[{"schema_version":1,"attributes":{"arn":"arn:aws:ec2:eu-central-1:188233980713:subnet/subnet-0c4a667eb6ae05261","assign_ipv6_address_on_creation":false,"availability_zone":"eu-central-1a","availability_zone_id":"euc1-az2","cidr_block":"10.0.0.0/19","customer_owned_ipv4_pool":"","enable_dns64":false,"enable_lni_at_device_index":0,"enable_resource_name_dns_a_record_on_launch":false,"enable_resource_name_dns_aaaa_record_on_launch":false,"id":"subnet-0c4a667eb6ae05261","ipv6_cidr_block":"","ipv6_cidr_block_association_id":"","ipv6_native":false,"map_customer_owned_ip_on_launch":false,"map_public_ip_on_launch":false,"outpost_arn":"","owner_id":"188233980713","private_dns_hostname_type_on_launch":"ip-name","tags":{"Name":"production-private-eu-central-1a","kubernetes.io/cluster/production-eks_main":"owned","kubernetes.io/role/internal-elb":"1"},"tags_all":{"Name":"production-private-eu-central-1a","kubernetes.io/cluster/production-eks_main":"owned","kubernetes.io/role/internal-elb":"1"},"timeouts":null,"vpc_id":"vpc-0e976e586ab40c6e2"},"sensitive_attributes":[],"private":"eyJlMmJmYjczMC1lY2FhLTExZTYtOGY4OC0zNDM2M2JjN2M0YzAiOnsiY3JlYXRlIjo2MDAwMDAwMDAwMDAsImRlbGV0ZSI6MTIwMDAwMDAwMDAwMH0sInNjaGVtYV92ZXJzaW9uIjoiMSJ9","dependencies":["aws_vpc.main"]}]},{"mode":"managed","type":"aws_subnet","name":"private_subnet_zone2","provider":"provider[\"registry.opentofu.org/hashicorp/aws\"]","instances":[{"schema_version":1,"attributes":{"arn":"arn:aws:ec2:eu-central-1:188233980713:subnet/subnet-0d47b6d445928fb39","assign_ipv6_address_on_creation":false,"availability_zone":"eu-central-1b","availability_zone_id":"euc1-az3","cidr_block":"10.0.32.0/19","customer_owned_ipv4_pool":"","enable_dns64":false,"enable_lni_at_device_index":0,"enable_resource_name_dns_a_record_on_launch":false,"enable_resource_name_dns_aaaa_record_on_launch":false,"id":"subnet-0d47b6d445928fb39","ipv6_cidr_block":"","ipv6_cidr_block_association_id":"","ipv6_native":false,"map_customer_owned_ip_on_launch":false,"map_public_ip_on_launch":false,"outpost_arn":"","owner_id":"188233980713","private_dns_hostname_type_on_launch":"ip-name","tags":{"Name":"production-private-eu-central-1b","kubernetes.io/cluster/production-eks_main":"owned","kubernetes.io/role/internal-elb":"1"},"tags_all":{"Name":"production-private-eu-central-1b","kubernetes.io/cluster/production-eks_main":"owned","kubernetes.io/role/internal-elb":"1"},"timeouts":null,"vpc_id":"vpc-0e976e586ab40c6e2"},"sensitive_attributes":[],"private":"eyJlMmJmYjczMC1lY2FhLTExZTYtOGY4OC0zNDM2M2JjN2M0YzAiOnsiY3JlYXRlIjo2MDAwMDAwMDAwMDAsImRlbGV0ZSI6MTIwMDAwMDAwMDAwMH0sInNjaGVtYV92ZXJzaW9uIjoiMSJ9","dependencies":["aws_vpc.main"]}]},{"mode":"managed","type":"aws_subnet","name":"public_subnet_zone1","provider":"provider[\"registry.opentofu.org/hashicorp/aws\"]","instances":[{"schema_version":1,"attributes":{"arn":"arn:aws:ec2:eu-central-1:188233980713:subnet/subnet-07b9ee2917a673ccf","assign_ipv6_address_on_creation":false,"availability_zone":"eu-central-1a","availability_zone_id":"euc1-az2","cidr_block":"10.0.64.0/19","customer_owned_ipv4_pool":"","enable_dns64":false,"enable_lni_at_device_index":0,"enable_resource_name_dns_a_record_on_launch":false,"enable_resource_name_dns_aaaa_record_on_launch":false,"id":"subnet-07b9ee2917a673ccf","ipv6_cidr_block":"","ipv6_cidr_block_association_id":"","ipv6_native":false,"map_customer_owned_ip_on_launch":false,"map_public_ip_on_launch":true,"outpost_arn":"","owner_id":"188233980713","private_dns_hostname_type_on_launch":"ip-name","tags":{"Name":"production-public-eu-central-1a","kubernetes.io/cluster/productioneks_main":"owned","kubernetes.io/role/elb":"1"},"tags_all":{"Name":"production-public-eu-central-1a","kubernetes.io/cluster/productioneks_main":"owned","kubernetes.io/role/elb":"1"},"timeouts":null,"vpc_id":"vpc-0e976e586ab40c6e2"},"sensitive_attributes":[],"private":"eyJlMmJmYjczMC1lY2FhLTExZTYtOGY4OC0zNDM2M2JjN2M0YzAiOnsiY3JlYXRlIjo2MDAwMDAwMDAwMDAsImRlbGV0ZSI6MTIwMDAwMDAwMDAwMH0sInNjaGVtYV92ZXJzaW9uIjoiMSJ9","dependencies":["aws_vpc.main"]}]},{"mode":"managed","type":"aws_subnet","name":"public_subnet_zone2","provider":"provider[\"registry.opentofu.org/hashicorp/aws\"]","instances":[{"schema_version":1,"attributes":{"arn":"arn:aws:ec2:eu-central-1:188233980713:subnet/subnet-0073da5001bbf5a50","assign_ipv6_address_on_creation":false,"availability_zone":"eu-central-1b","availability_zone_id":"euc1-az3","cidr_block":"10.0.96.0/19","customer_owned_ipv4_pool":"","enable_dns64":false,"enable_lni_at_device_index":0,"enable_resource_name_dns_a_record_on_launch":false,"enable_resource_name_dns_aaaa_record_on_launch":false,"id":"subnet-0073da5001bbf5a50","ipv6_cidr_block":"","ipv6_cidr_block_association_id":"","ipv6_native":false,"map_customer_owned_ip_on_launch":false,"map_public_ip_on_launch":true,"outpost_arn":"","owner_id":"188233980713","private_dns_hostname_type_on_launch":"ip-name","tags":{"Name":"production-public-eu-central-1b","kubernetes.io/cluster/productioneks_main":"owned","kubernetes.io/role/elb":"1"},"tags_all":{"Name":"production-public-eu-central-1b","kubernetes.io/cluster/productioneks_main":"owned","kubernetes.io/role/elb":"1"},"timeouts":null,"vpc_id":"vpc-0e976e586ab40c6e2"},"sensitive_attributes":[],"private":"eyJlMmJmYjczMC1lY2FhLTExZTYtOGY4OC0zNDM2M2JjN2M0YzAiOnsiY3JlYXRlIjo2MDAwMDAwMDAwMDAsImRlbGV0ZSI6MTIwMDAwMDAwMDAwMH0sInNjaGVtYV92ZXJzaW9uIjoiMSJ9","dependencies":["aws_vpc.main"]}]},{"mode":"managed","type":"aws_vpc","name":"main","provider":"provider[\"registry.opentofu.org/hashicorp/aws\"]","instances":[{"schema_version":1,"attributes":{"arn":"arn:aws:ec2:eu-central-1:188233980713:vpc/vpc-0e976e586ab40c6e2","assign_generated_ipv6_cidr_block":false,"cidr_block":"10.0.0.0/16","default_network_acl_id":"acl-09b28f1c28af6b763","default_route_table_id":"rtb-0519018a1048f5dab","default_security_group_id":"sg-02375a829ffcdc6fa","dhcp_options_id":"dopt-02b98221faea3fb15","enable_dns_hostnames":true,"enable_dns_support":true,"enable_network_address_usage_metrics":false,"id":"vpc-0e976e586ab40c6e2","instance_tenancy":"default","ipv4_ipam_pool_id":null,"ipv4_netmask_length":null,"ipv6_association_id":"","ipv6_cidr_block":"","ipv6_cidr_block_network_border_group":"","ipv6_ipam_pool_id":"","ipv6_netmask_length":0,"main_route_table_id":"rtb-0519018a1048f5dab","owner_id":"188233980713","tags":{"Name":"production-main"},"tags_all":{"Name":"production-main"}},"sensitive_attributes":[],"private":"eyJzY2hlbWFfdmVyc2lvbiI6IjEifQ=="}]},{"mode":"managed","type":"helm_release","name":"metrics_server","provider":"provider[\"registry.opentofu.org/hashicorp/helm\"]","instances":[{"schema_version":1,"attributes":{"atomic":false,"chart":"metrics-server","cleanup_on_fail":false,"create_namespace":false,"dependency_update":false,"description":null,"devel":null,"disable_crd_hooks":false,"disable_openapi_validation":false,"disable_webhooks":false,"force_update":false,"id":"metrics-server","keyring":null,"lint":false,"manifest":null,"max_history":0,"metadata":[{"app_version":"0.7.1","chart":"metrics-server","first_deployed":1743701674,"last_deployed":1743701674,"name":"metrics-server","namespace":"kube-system","notes":"***********************************************************************\n* Metrics Server                                                      *\n***********************************************************************\n  Chart version: 3.12.1\n  App version:   0.7.1\n  Image tag:     registry.k8s.io/metrics-server/metrics-server:v0.7.1\n***********************************************************************\n","revision":1,"values":"{\"defaultArgs\":[\"--cert-dir=/tmp\",\"--kubelet-preferred-address-types=InternalIP,ExternalIP,Hostname\",\"--kubelet-use-node-status-port\",\"--metric-resolution=15s\",\"--secure-port=10250\"]}","version":"3.12.1"}],"name":"metrics-server","namespace":"kube-system","pass_credentials":false,"postrender":[],"recreate_pods":false,"render_subchart_notes":true,"replace":false,"repository":"https://kubernetes-sigs.github.io/metrics-server/","repository_ca_file":null,"repository_cert_file":null,"repository_key_file":null,"repository_password":null,"repository_username":null,"reset_values":false,"reuse_values":false,"set":[],"set_list":[],"set_sensitive":[],"skip_crds":false,"status":"deployed","timeout":300,"upgrade_install":null,"values":["defaultArgs:\n  - --cert-dir=/tmp\n  - --kubelet-preferred-address-types=InternalIP,ExternalIP,Hostname\n  - --kubelet-use-node-status-port\n  - --metric-resolution=15s\n  - --secure-port=10250"],"verify":false,"version":"3.12.1","wait":true,"wait_for_jobs":false},"sensitive_attributes":[[{"type":"get_attr","value":"repository_password"}]],"private":"eyJzY2hlbWFfdmVyc2lvbiI6IjEifQ==","dependencies":["aws_eks_cluster.eks","aws_eks_node_group.general","aws_iam_role.eks_cluster_role","aws_iam_role.eks_node_role","aws_iam_role_policy_attachment.eks","aws_iam_role_policy_attachment.eks_node_role","aws_subnet.private_subnet_zone1","aws_subnet.private_subnet_zone2","aws_vpc.main","data.aws_eks_cluster.eks","data.aws_eks_cluster_auth.eks"]}]}],"check_results":null}
